
Microsoft Visual Studio Solution File, Format Version 12.00
# Visual Studio Version 17
VisualStudioVersion = 17.8.34525.116
MinimumVisualStudioVersion = 10.0.40219.1
Project("{FAE04EC0-301F-11D3-BF4B-00C04F79EFBC}") = "WebConsoleAppCSharp", "WebConsoleAppCSharp\WebConsoleAppCSharp.csproj", "{424CD6C7-B7BE-4AF8-A2DE-FB726C6AF3DE}"
EndProject
Global
	GlobalSection(SolutionConfigurationPlatforms) = preSolution
		Debug|Any CPU = Debug|Any CPU
		Release|Any CPU = Release|Any CPU
	EndGlobalSection
	GlobalSection(ProjectConfigurationPlatforms) = postSolution
		{424CD6C7-B7BE-4AF8-A2DE-FB726C6AF3DE}.Debug|Any CPU.ActiveCfg = Debug|Any CPU
		{424CD6C7-B7BE-4AF8-A2DE-FB726C6AF3DE}.Debug|Any CPU.Build.0 = Debug|Any CPU
		{424CD6C7-B7BE-4AF8-A2DE-FB726C6AF3DE}.Release|Any CPU.ActiveCfg = Release|Any CPU
		{424CD6C7-B7BE-4AF8-A2DE-FB726C6AF3DE}.Release|Any CPU.Build.0 = Release|Any CPU
	EndGlobalSection
	GlobalSection(SolutionProperties) = preSolution
		HideSolutionNode = FALSE
	EndGlobalSection
	GlobalSection(ExtensibilityGlobals) = postSolution
		SolutionGuid = {5008E381-639F-46EC-8473-4AB54F85D9FB}
	EndGlobalSection
EndGlobal
